
Microsoft Visual Studio Solution File, Format Version 12.00
# Visual Studio 14
VisualStudioVersion = 14.0.25420.1
MinimumVisualStudioVersion = 10.0.40219.1
Project("{FAE04EC0-301F-11D3-BF4B-00C04F79EFBC}") = "DataCleaning", "DataCleaning\DataCleaning.csproj", "{7C899200-EE09-43BB-BF06-DF0B846ECF30}"
EndProject
Project("{2150E333-8FDC-42A3-9474-1A3956D46DE8}") = "hh", "hh", "{957585E0-2981-48D8-A87B-0835B8ABE17A}"
EndProject
Global
	GlobalSection(SolutionConfigurationPlatforms) = preSolution
		Debug|Any CPU = Debug|Any CPU
		Release|Any CPU = Release|Any CPU
	EndGlobalSection
	GlobalSection(ProjectConfigurationPlatforms) = postSolution
		{7C899200-EE09-43BB-BF06-DF0B846ECF30}.Debug|Any CPU.ActiveCfg = Debug|Any CPU
		{7C899200-EE09-43BB-BF06-DF0B846ECF30}.Debug|Any CPU.Build.0 = Debug|Any CPU
		{7C899200-EE09-43BB-BF06-DF0B846ECF30}.Release|Any CPU.ActiveCfg = Release|Any CPU
		{7C899200-EE09-43BB-BF06-DF0B846ECF30}.Release|Any CPU.Build.0 = Release|Any CPU
	EndGlobalSection
	GlobalSection(SolutionProperties) = preSolution
		HideSolutionNode = FALSE
	EndGlobalSection
EndGlobal
